
Microsoft Visual Studio Solution File, Format Version 12.00
# Visual Studio 15
VisualStudioVersion = 15.0.28307.168
MinimumVisualStudioVersion = 10.0.40219.1
Project("{FAE04EC0-301F-11D3-BF4B-00C04F79EFBC}") = "ExemploNullable", "ExemploNullable\ExemploNullable.csproj", "{87CAEC21-D6F1-4B7E-B3E3-CB490C11C04B}"
EndProject
Global
	GlobalSection(SolutionConfigurationPlatforms) = preSolution
		Debug|Any CPU = Debug|Any CPU
		Release|Any CPU = Release|Any CPU
	EndGlobalSection
	GlobalSection(ProjectConfigurationPlatforms) = postSolution
		{87CAEC21-D6F1-4B7E-B3E3-CB490C11C04B}.Debug|Any CPU.ActiveCfg = Debug|Any CPU
		{87CAEC21-D6F1-4B7E-B3E3-CB490C11C04B}.Debug|Any CPU.Build.0 = Debug|Any CPU
		{87CAEC21-D6F1-4B7E-B3E3-CB490C11C04B}.Release|Any CPU.ActiveCfg = Release|Any CPU
		{87CAEC21-D6F1-4B7E-B3E3-CB490C11C04B}.Release|Any CPU.Build.0 = Release|Any CPU
	EndGlobalSection
	GlobalSection(SolutionProperties) = preSolution
		HideSolutionNode = FALSE
	EndGlobalSection
	GlobalSection(ExtensibilityGlobals) = postSolution
		SolutionGuid = {4A9FD175-E130-4971-928F-7E43CCE46D66}
	EndGlobalSection
EndGlobal
