
Microsoft Visual Studio Solution File, Format Version 12.00
# Visual Studio 15
VisualStudioVersion = 15.0.28307.572
MinimumVisualStudioVersion = 10.0.40219.1
Project("{FAE04EC0-301F-11D3-BF4B-00C04F79EFBC}") = "ExemploDirectory", "ExemploDirectory\ExemploDirectory.csproj", "{D007DACA-4AF6-4FC1-9058-0234E11EE246}"
EndProject
Global
	GlobalSection(SolutionConfigurationPlatforms) = preSolution
		Debug|Any CPU = Debug|Any CPU
		Release|Any CPU = Release|Any CPU
	EndGlobalSection
	GlobalSection(ProjectConfigurationPlatforms) = postSolution
		{D007DACA-4AF6-4FC1-9058-0234E11EE246}.Debug|Any CPU.ActiveCfg = Debug|Any CPU
		{D007DACA-4AF6-4FC1-9058-0234E11EE246}.Debug|Any CPU.Build.0 = Debug|Any CPU
		{D007DACA-4AF6-4FC1-9058-0234E11EE246}.Release|Any CPU.ActiveCfg = Release|Any CPU
		{D007DACA-4AF6-4FC1-9058-0234E11EE246}.Release|Any CPU.Build.0 = Release|Any CPU
	EndGlobalSection
	GlobalSection(SolutionProperties) = preSolution
		HideSolutionNode = FALSE
	EndGlobalSection
	GlobalSection(ExtensibilityGlobals) = postSolution
		SolutionGuid = {479A1E11-DD6A-4CA1-961E-CCCC3762B62B}
	EndGlobalSection
EndGlobal
