
Microsoft Visual Studio Solution File, Format Version 12.00
# Visual Studio 15
VisualStudioVersion = 15.0.28307.329
MinimumVisualStudioVersion = 10.0.40219.1
Project("{FAE04EC0-301F-11D3-BF4B-00C04F79EFBC}") = "BoxingEUnboxing", "BoxingEUnboxing\BoxingEUnboxing.csproj", "{9FC29157-0763-4B77-BC90-2587CDFFD5E4}"
EndProject
Global
	GlobalSection(SolutionConfigurationPlatforms) = preSolution
		Debug|Any CPU = Debug|Any CPU
		Release|Any CPU = Release|Any CPU
	EndGlobalSection
	GlobalSection(ProjectConfigurationPlatforms) = postSolution
		{9FC29157-0763-4B77-BC90-2587CDFFD5E4}.Debug|Any CPU.ActiveCfg = Debug|Any CPU
		{9FC29157-0763-4B77-BC90-2587CDFFD5E4}.Debug|Any CPU.Build.0 = Debug|Any CPU
		{9FC29157-0763-4B77-BC90-2587CDFFD5E4}.Release|Any CPU.ActiveCfg = Release|Any CPU
		{9FC29157-0763-4B77-BC90-2587CDFFD5E4}.Release|Any CPU.Build.0 = Release|Any CPU
	EndGlobalSection
	GlobalSection(SolutionProperties) = preSolution
		HideSolutionNode = FALSE
	EndGlobalSection
	GlobalSection(ExtensibilityGlobals) = postSolution
		SolutionGuid = {7CFB90A2-9F3E-4341-925B-75DF7B3A78A8}
	EndGlobalSection
EndGlobal
