
Microsoft Visual Studio Solution File, Format Version 12.00
# Visual Studio 15
VisualStudioVersion = 15.0.28307.168
MinimumVisualStudioVersion = 10.0.40219.1
Project("{FAE04EC0-301F-11D3-BF4B-00C04F79EFBC}") = "ExClasse4", "ExClasse4\ExClasse4.csproj", "{4EFF68DD-3183-49BB-A3B2-5FD25CD1817B}"
EndProject
Global
	GlobalSection(SolutionConfigurationPlatforms) = preSolution
		Debug|Any CPU = Debug|Any CPU
		Release|Any CPU = Release|Any CPU
	EndGlobalSection
	GlobalSection(ProjectConfigurationPlatforms) = postSolution
		{4EFF68DD-3183-49BB-A3B2-5FD25CD1817B}.Debug|Any CPU.ActiveCfg = Debug|Any CPU
		{4EFF68DD-3183-49BB-A3B2-5FD25CD1817B}.Debug|Any CPU.Build.0 = Debug|Any CPU
		{4EFF68DD-3183-49BB-A3B2-5FD25CD1817B}.Release|Any CPU.ActiveCfg = Release|Any CPU
		{4EFF68DD-3183-49BB-A3B2-5FD25CD1817B}.Release|Any CPU.Build.0 = Release|Any CPU
	EndGlobalSection
	GlobalSection(SolutionProperties) = preSolution
		HideSolutionNode = FALSE
	EndGlobalSection
	GlobalSection(ExtensibilityGlobals) = postSolution
		SolutionGuid = {35981C16-94FE-4D6E-A939-563BA45221AC}
	EndGlobalSection
EndGlobal
