
Microsoft Visual Studio Solution File, Format Version 12.00
# Visual Studio 15
VisualStudioVersion = 15.0.28307.329
MinimumVisualStudioVersion = 10.0.40219.1
Project("{FAE04EC0-301F-11D3-BF4B-00C04F79EFBC}") = "SwitchCase", "SwitchCase\SwitchCase.csproj", "{6BD35FEB-BB94-4B3F-8D72-2789BBFC9557}"
EndProject
Global
	GlobalSection(SolutionConfigurationPlatforms) = preSolution
		Debug|Any CPU = Debug|Any CPU
		Release|Any CPU = Release|Any CPU
	EndGlobalSection
	GlobalSection(ProjectConfigurationPlatforms) = postSolution
		{6BD35FEB-BB94-4B3F-8D72-2789BBFC9557}.Debug|Any CPU.ActiveCfg = Debug|Any CPU
		{6BD35FEB-BB94-4B3F-8D72-2789BBFC9557}.Debug|Any CPU.Build.0 = Debug|Any CPU
		{6BD35FEB-BB94-4B3F-8D72-2789BBFC9557}.Release|Any CPU.ActiveCfg = Release|Any CPU
		{6BD35FEB-BB94-4B3F-8D72-2789BBFC9557}.Release|Any CPU.Build.0 = Release|Any CPU
	EndGlobalSection
	GlobalSection(SolutionProperties) = preSolution
		HideSolutionNode = FALSE
	EndGlobalSection
	GlobalSection(ExtensibilityGlobals) = postSolution
		SolutionGuid = {16087DC1-F3F9-4C1F-9F13-C54E9B7CA935}
	EndGlobalSection
EndGlobal
