
Microsoft Visual Studio Solution File, Format Version 12.00
# Visual Studio Version 16
VisualStudioVersion = 16.0.29215.179
MinimumVisualStudioVersion = 10.0.40219.1
Project("{FAE04EC0-301F-11D3-BF4B-00C04F79EFBC}") = "DemoLinq", "DemoLinq\DemoLinq.csproj", "{F1F5E18F-52D2-48E8-B53B-DC373862ED4E}"
EndProject
Global
	GlobalSection(SolutionConfigurationPlatforms) = preSolution
		Debug|Any CPU = Debug|Any CPU
		Release|Any CPU = Release|Any CPU
	EndGlobalSection
	GlobalSection(ProjectConfigurationPlatforms) = postSolution
		{F1F5E18F-52D2-48E8-B53B-DC373862ED4E}.Debug|Any CPU.ActiveCfg = Debug|Any CPU
		{F1F5E18F-52D2-48E8-B53B-DC373862ED4E}.Debug|Any CPU.Build.0 = Debug|Any CPU
		{F1F5E18F-52D2-48E8-B53B-DC373862ED4E}.Release|Any CPU.ActiveCfg = Release|Any CPU
		{F1F5E18F-52D2-48E8-B53B-DC373862ED4E}.Release|Any CPU.Build.0 = Release|Any CPU
	EndGlobalSection
	GlobalSection(SolutionProperties) = preSolution
		HideSolutionNode = FALSE
	EndGlobalSection
	GlobalSection(ExtensibilityGlobals) = postSolution
		SolutionGuid = {CE8E92DC-CE74-4C52-A511-DC58644017D4}
	EndGlobalSection
EndGlobal
