
Microsoft Visual Studio Solution File, Format Version 12.00
# Visual Studio 15
VisualStudioVersion = 15.0.28307.168
MinimumVisualStudioVersion = 10.0.40219.1
Project("{FAE04EC0-301F-11D3-BF4B-00C04F79EFBC}") = "ExClasse9", "ExClasse9\ExClasse9.csproj", "{A336EFE0-103A-475E-BB89-503357FB7FDE}"
EndProject
Global
	GlobalSection(SolutionConfigurationPlatforms) = preSolution
		Debug|Any CPU = Debug|Any CPU
		Release|Any CPU = Release|Any CPU
	EndGlobalSection
	GlobalSection(ProjectConfigurationPlatforms) = postSolution
		{A336EFE0-103A-475E-BB89-503357FB7FDE}.Debug|Any CPU.ActiveCfg = Debug|Any CPU
		{A336EFE0-103A-475E-BB89-503357FB7FDE}.Debug|Any CPU.Build.0 = Debug|Any CPU
		{A336EFE0-103A-475E-BB89-503357FB7FDE}.Release|Any CPU.ActiveCfg = Release|Any CPU
		{A336EFE0-103A-475E-BB89-503357FB7FDE}.Release|Any CPU.Build.0 = Release|Any CPU
	EndGlobalSection
	GlobalSection(SolutionProperties) = preSolution
		HideSolutionNode = FALSE
	EndGlobalSection
	GlobalSection(ExtensibilityGlobals) = postSolution
		SolutionGuid = {37789601-3D03-4D87-ABA2-E0F244AEAD76}
	EndGlobalSection
EndGlobal
