
Microsoft Visual Studio Solution File, Format Version 12.00
# Visual Studio 15
VisualStudioVersion = 15.0.28307.572
MinimumVisualStudioVersion = 10.0.40219.1
Project("{FAE04EC0-301F-11D3-BF4B-00C04F79EFBC}") = "ExemploPath", "ExemploPath\ExemploPath.csproj", "{3F355918-AC66-4C63-839E-F2AD8DA4AE4E}"
EndProject
Global
	GlobalSection(SolutionConfigurationPlatforms) = preSolution
		Debug|Any CPU = Debug|Any CPU
		Release|Any CPU = Release|Any CPU
	EndGlobalSection
	GlobalSection(ProjectConfigurationPlatforms) = postSolution
		{3F355918-AC66-4C63-839E-F2AD8DA4AE4E}.Debug|Any CPU.ActiveCfg = Debug|Any CPU
		{3F355918-AC66-4C63-839E-F2AD8DA4AE4E}.Debug|Any CPU.Build.0 = Debug|Any CPU
		{3F355918-AC66-4C63-839E-F2AD8DA4AE4E}.Release|Any CPU.ActiveCfg = Release|Any CPU
		{3F355918-AC66-4C63-839E-F2AD8DA4AE4E}.Release|Any CPU.Build.0 = Release|Any CPU
	EndGlobalSection
	GlobalSection(SolutionProperties) = preSolution
		HideSolutionNode = FALSE
	EndGlobalSection
	GlobalSection(ExtensibilityGlobals) = postSolution
		SolutionGuid = {98923FF1-B25E-4F6A-9429-A4AB0454C537}
	EndGlobalSection
EndGlobal
