
Microsoft Visual Studio Solution File, Format Version 12.00
# Visual Studio 15
VisualStudioVersion = 15.0.28307.539
MinimumVisualStudioVersion = 10.0.40219.1
Project("{FAE04EC0-301F-11D3-BF4B-00C04F79EFBC}") = "Enumeradores", "Enumeradores\Enumeradores.csproj", "{3EFF1122-B387-4017-AB70-7C2EA25C1A69}"
EndProject
Global
	GlobalSection(SolutionConfigurationPlatforms) = preSolution
		Debug|Any CPU = Debug|Any CPU
		Release|Any CPU = Release|Any CPU
	EndGlobalSection
	GlobalSection(ProjectConfigurationPlatforms) = postSolution
		{3EFF1122-B387-4017-AB70-7C2EA25C1A69}.Debug|Any CPU.ActiveCfg = Debug|Any CPU
		{3EFF1122-B387-4017-AB70-7C2EA25C1A69}.Debug|Any CPU.Build.0 = Debug|Any CPU
		{3EFF1122-B387-4017-AB70-7C2EA25C1A69}.Release|Any CPU.ActiveCfg = Release|Any CPU
		{3EFF1122-B387-4017-AB70-7C2EA25C1A69}.Release|Any CPU.Build.0 = Release|Any CPU
	EndGlobalSection
	GlobalSection(SolutionProperties) = preSolution
		HideSolutionNode = FALSE
	EndGlobalSection
	GlobalSection(ExtensibilityGlobals) = postSolution
		SolutionGuid = {BBA9A496-6240-4C93-8DCA-16D8725BD06D}
	EndGlobalSection
EndGlobal
